
Microsoft Visual Studio Solution File, Format Version 12.00
# Visual Studio Version 16
VisualStudioVersion = 16.0.29324.140
MinimumVisualStudioVersion = 10.0.40219.1
Project("{FAE04EC0-301F-11D3-BF4B-00C04F79EFBC}") = "MegaDesk-Tinker", "MegaDesk-Tinker\MegaDesk-Tinker.csproj", "{0A9716CB-45E9-4F78-B334-32CC5DD6CAB4}"
EndProject
Global
	GlobalSection(SolutionConfigurationPlatforms) = preSolution
		Debug|Any CPU = Debug|Any CPU
		Release|Any CPU = Release|Any CPU
	EndGlobalSection
	GlobalSection(ProjectConfigurationPlatforms) = postSolution
		{0A9716CB-45E9-4F78-B334-32CC5DD6CAB4}.Debug|Any CPU.ActiveCfg = Debug|Any CPU
		{0A9716CB-45E9-4F78-B334-32CC5DD6CAB4}.Debug|Any CPU.Build.0 = Debug|Any CPU
		{0A9716CB-45E9-4F78-B334-32CC5DD6CAB4}.Release|Any CPU.ActiveCfg = Release|Any CPU
		{0A9716CB-45E9-4F78-B334-32CC5DD6CAB4}.Release|Any CPU.Build.0 = Release|Any CPU
	EndGlobalSection
	GlobalSection(SolutionProperties) = preSolution
		HideSolutionNode = FALSE
	EndGlobalSection
	GlobalSection(ExtensibilityGlobals) = postSolution
		SolutionGuid = {61FF3CEA-9975-40A7-A9F5-C11E15460EB1}
	EndGlobalSection
EndGlobal
